<Project xmlns="http://schemas.microsoft.com/developer/msbuild/2003">
    <PropertyGroup>
        <ProjectGuid>{1DED55DE-F469-4F64-833B-90B60B765846}</ProjectGuid>
        <ProjectVersion>20.4</ProjectVersion>
        <FrameworkType>None</FrameworkType>
        <Base>True</Base>
        <Config Condition="'$(Config)'==''">Debug</Config>
        <Platform Condition="'$(Platform)'==''">Win64</Platform>
        <ProjectName Condition="'$(ProjectName)'==''">Aul2AudioFilter</ProjectName>
        <TargetedPlatforms>2</TargetedPlatforms>
        <AppType>Library</AppType>
        <MainSource>Aul2AudioFilter.dpr</MainSource>
    </PropertyGroup>
    <PropertyGroup Condition="'$(Config)'=='Base' or '$(Base)'!=''">
        <Base>true</Base>
    </PropertyGroup>
    <PropertyGroup Condition="('$(Platform)'=='Win32' and '$(Base)'=='true') or '$(Base_Win32)'!=''">
        <Base_Win32>true</Base_Win32>
        <CfgParent>Base</CfgParent>
        <Base>true</Base>
    </PropertyGroup>
    <PropertyGroup Condition="('$(Platform)'=='Win64' and '$(Base)'=='true') or '$(Base_Win64)'!=''">
        <Base_Win64>true</Base_Win64>
        <CfgParent>Base</CfgParent>
        <Base>true</Base>
    </PropertyGroup>
    <PropertyGroup Condition="'$(Config)'=='Debug' or '$(Cfg_1)'!=''">
        <Cfg_1>true</Cfg_1>
        <CfgParent>Base</CfgParent>
        <Base>true</Base>
    </PropertyGroup>
    <PropertyGroup Condition="('$(Platform)'=='Win64' and '$(Cfg_1)'=='true') or '$(Cfg_1_Win64)'!=''">
        <Cfg_1_Win64>true</Cfg_1_Win64>
        <CfgParent>Cfg_1</CfgParent>
        <Cfg_1>true</Cfg_1>
        <Base>true</Base>
    </PropertyGroup>
    <PropertyGroup Condition="'$(Config)'=='Release' or '$(Cfg_2)'!=''">
        <Cfg_2>true</Cfg_2>
        <CfgParent>Base</CfgParent>
        <Base>true</Base>
    </PropertyGroup>
    <PropertyGroup Condition="('$(Platform)'=='Win64' and '$(Cfg_2)'=='true') or '$(Cfg_2_Win64)'!=''">
        <Cfg_2_Win64>true</Cfg_2_Win64>
        <CfgParent>Cfg_2</CfgParent>
        <Cfg_2>true</Cfg_2>
        <Base>true</Base>
    </PropertyGroup>
    <PropertyGroup Condition="'$(Base)'!=''">
        <GenDll>true</GenDll>
        <DCC_DcuOutput>.\$(Platform)\$(Config)</DCC_DcuOutput>
        <DCC_ExeOutput>.\$(Platform)\$(Config)</DCC_ExeOutput>
        <DCC_E>false</DCC_E>
        <DCC_N>false</DCC_N>
        <DCC_S>false</DCC_S>
        <DCC_F>false</DCC_F>
        <DCC_K>false</DCC_K>
        <DCC_Namespace>System;Xml;Data;Datasnap;Web;Soap;$(DCC_Namespace)</DCC_Namespace>
        <SanitizedProjectName>Aul2AudioFilter</SanitizedProjectName>
    </PropertyGroup>
    <PropertyGroup Condition="'$(Base_Win32)'!=''">
        <DCC_Namespace>Winapi;System.Win;Data.Win;Datasnap.Win;Web.Win;Soap.Win;Xml.Win;Bde;$(DCC_Namespace)</DCC_Namespace>
        <BT_BuildType>Debug</BT_BuildType>
        <VerInfo_IncludeVerInfo>true</VerInfo_IncludeVerInfo>
        <VerInfo_Keys>CompanyName=;FileDescription=$(MSBuildProjectName);FileVersion=1.0.0.0;InternalName=;LegalCopyright=;LegalTrademarks=;OriginalFilename=;ProgramID=com.embarcadero.$(MSBuildProjectName);ProductName=$(MSBuildProjectName);ProductVersion=1.0.0.0;Comments=</VerInfo_Keys>
        <VerInfo_Locale>1033</VerInfo_Locale>
    </PropertyGroup>
    <PropertyGroup Condition="'$(Base_Win64)'!=''">
        <DCC_Namespace>Winapi;System.Win;Data.Win;Datasnap.Win;Web.Win;Soap.Win;Xml.Win;$(DCC_Namespace)</DCC_Namespace>
        <BT_BuildType>Debug</BT_BuildType>
        <VerInfo_IncludeVerInfo>true</VerInfo_IncludeVerInfo>
        <VerInfo_Keys>CompanyName=;FileDescription=Aul2AudioFilter;FileVersion=0.1.0.0;InternalName=Aul2AudioFilter;LegalCopyright=;LegalTrademarks=;OriginalFilename=Aul2AudioFilter.auf2;ProgramID=com.aul2.audiofilter;ProductName=Aul2AudioFilter;ProductVersion=0.1.0.0;Comments=AviUtl2 audio filter plugin</VerInfo_Keys>
        <VerInfo_Locale>1033</VerInfo_Locale>
    </PropertyGroup>
    <PropertyGroup Condition="'$(Cfg_1)'!=''">
        <BT_BuildType>Debug</BT_BuildType>
        <DCC_Define>DEBUG;$(DCC_Define)</DCC_Define>
        <DCC_DebugDCUs>true</DCC_DebugDCUs>
        <DCC_Optimize>false</DCC_Optimize>
        <DCC_GenerateStackFrames>true</DCC_GenerateStackFrames>
        <DCC_DebugInfoInExe>true</DCC_DebugInfoInExe>
        <DCC_RemoteDebug>true</DCC_RemoteDebug>
        <DCC_IntegerOverflowCheck>true</DCC_IntegerOverflowCheck>
        <DCC_RangeChecking>true</DCC_RangeChecking>
    </PropertyGroup>
    <PropertyGroup Condition="'$(Cfg_1_Win64)'!=''">
        <Manifest_File>(なし)</Manifest_File>
        <AppDPIAwarenessMode>none</AppDPIAwarenessMode>
        <DCC_ExeOutput>C:\ProgramData\aviutl2\Plugin\Aul2AudioFilter\</DCC_ExeOutput>
        <PreBuildEvent><![CDATA[if not exist "C:\ProgramData\aviutl2\Plugin\Aul2AudioFilter" mkdir "C:\ProgramData\aviutl2\Plugin\Aul2AudioFilter"]]></PreBuildEvent>
        <PreBuildEventIgnoreExitCode>False</PreBuildEventIgnoreExitCode>
        <PostBuildEvent><![CDATA[copy /Y "C:\ProgramData\aviutl2\Plugin\Aul2AudioFilter\$(PROJECTNAME).dll" "C:\ProgramData\aviutl2\Plugin\Aul2AudioFilter\$(PROJECTNAME).auf2"]]></PostBuildEvent>
        <PostBuildEventIgnoreExitCode>False</PostBuildEventIgnoreExitCode>
        <Debugger_HostApplication>D:\aviutl2beta50\aviutl2.exe</Debugger_HostApplication>
    </PropertyGroup>
    <PropertyGroup Condition="'$(Cfg_2)'!=''">
        <BT_BuildType>Release</BT_BuildType>
        <DCC_LocalDebugSymbols>false</DCC_LocalDebugSymbols>
        <DCC_Define>RELEASE;$(DCC_Define)</DCC_Define>
        <DCC_SymbolReferenceInfo>0</DCC_SymbolReferenceInfo>
        <DCC_DebugInformation>0</DCC_DebugInformation>
    </PropertyGroup>
    <PropertyGroup Condition="'$(Cfg_2_Win64)'!=''">
        <Manifest_File>(なし)</Manifest_File>
        <AppDPIAwarenessMode>none</AppDPIAwarenessMode>
        <DCC_ExeOutput>C:\ProgramData\aviutl2\Plugin\Aul2AudioFilter\</DCC_ExeOutput>
        <PreBuildEvent><![CDATA[if not exist "C:\ProgramData\aviutl2\Plugin\Aul2AudioFilter" mkdir "C:\ProgramData\aviutl2\Plugin\Aul2AudioFilter"]]></PreBuildEvent>
        <PreBuildEventIgnoreExitCode>False</PreBuildEventIgnoreExitCode>
        <PostBuildEvent><![CDATA[copy /Y "C:\ProgramData\aviutl2\Plugin\Aul2AudioFilter\$(PROJECTNAME).dll" "C:\ProgramData\aviutl2\Plugin\Aul2AudioFilter\$(PROJECTNAME).auf2"&&if exist "C:\ProgramData\aviutl2\Plugin\Aul2AudioFilter\$(PROJECTNAME).dll" del /Q "C:\ProgramData\aviutl2\Plugin\Aul2AudioFilter\$(PROJECTNAME).dll"&&if exist "C:\ProgramData\aviutl2\Plugin\Aul2AudioFilter\$(PROJECTNAME).rsm" del /Q "C:\ProgramData\aviutl2\Plugin\Aul2AudioFilter\$(PROJECTNAME).rsm"]]></PostBuildEvent>
        <PostBuildEventIgnoreExitCode>False</PostBuildEventIgnoreExitCode>
        <Debugger_HostApplication>D:\aviutl2beta50\aviutl2.exe</Debugger_HostApplication>
    </PropertyGroup>
    <ItemGroup>
        <DelphiCompile Include="$(MainSource)">
            <MainSource>MainSource</MainSource>
        </DelphiCompile>
        <DCCReference Include="Source\Lib\Aul2AudioFilterTypes.pas"/>
        <DCCReference Include="Source\Lib\Aul2AudioFilterGui.pas"/>
        <DCCReference Include="Source\Aul2AudioFilterPluginPreset.pas"/>
        <DCCReference Include="Source\Aul2AudioFilterPluginDelay.pas"/>
        <DCCReference Include="Source\Aul2AudioFilterPluginEq.pas"/>
        <DCCReference Include="Source\Aul2AudioFilterPluginCompressor.pas"/>
        <DCCReference Include="Source\Aul2AudioFilterPluginVoiceDrive.pas"/>
        <DCCReference Include="Source\Aul2AudioFilterPluginDistortion.pas"/>
        <DCCReference Include="Source\Aul2AudioFilterPluginNoise.pas"/>
        <DCCReference Include="Source\Aul2AudioFilterPluginBitCrusher.pas"/>
        <DCCReference Include="Source\Aul2AudioFilterPluginTremble.pas"/>
        <DCCReference Include="Source\Aul2AudioFilterPluginWobble.pas"/>
        <DCCReference Include="Source\Aul2AudioFilterPluginPitch.pas"/>
        <DCCReference Include="Source\Aul2AudioFilterPluginRingMod.pas"/>
        <DCCReference Include="Source\Aul2AudioFilterPluginMuffle.pas"/>
        <DCCReference Include="Source\Aul2AudioFilterPluginWhisper.pas"/>
        <DCCReference Include="Source\Aul2AudioFilterPluginAutoGain.pas"/>
        <DCCReference Include="Source\Aul2AudioFilterPluginNoiseGate.pas"/>
        <DCCReference Include="Source\Aul2AudioFilterPluginGhost.pas"/>
        <DCCReference Include="Source\Aul2AudioFilterPluginOutput.pas"/>
        <DCCReference Include="Source\Aul2AudioFilterPluginLimiter.pas"/>
        <DCCReference Include="Source\Aul2AudioFilterPluginChorus.pas"/>
        <DCCReference Include="Source\Aul2AudioFilterPluginReverb.pas"/>
        <DCCReference Include="Source\Aul2AudioFilterContextManager.pas"/>
        <DCCReference Include="Source\Lib\SharedMemory\SharedMemoryBase.pas"/>
        <DCCReference Include="Source\Lib\AudioMonitor\Aul2AudioMonitorShared.pas"/>
        <DCCReference Include="Source\Lib\AudioMonitor\Aul2AudioMonitorSpectrumShared.pas"/>
        <DCCReference Include="Source\Aul2AudioFilterMonitorBridge.pas"/>
        <DCCReference Include="Source\Aul2AudioFilterPlugin.pas"/>
        <BuildConfiguration Include="Base">
            <Key>Base</Key>
        </BuildConfiguration>
        <BuildConfiguration Include="Debug">
            <Key>Cfg_1</Key>
            <CfgParent>Base</CfgParent>
        </BuildConfiguration>
        <BuildConfiguration Include="Release">
            <Key>Cfg_2</Key>
            <CfgParent>Base</CfgParent>
        </BuildConfiguration>
    </ItemGroup>
    <ProjectExtensions>
        <Borland.Personality>Delphi.Personality.12</Borland.Personality>
        <Borland.ProjectType>Application</Borland.ProjectType>
        <BorlandProject>
            <Delphi.Personality>
                <Source>
                    <Source Name="MainSource">Aul2AudioFilter.dpr</Source>
                </Source>
            </Delphi.Personality>
            <Platforms>
                <Platform value="Win32">False</Platform>
                <Platform value="Win64">True</Platform>
            </Platforms>
        </BorlandProject>
        <ProjectFileVersion>12</ProjectFileVersion>
    </ProjectExtensions>
    <Import Project="$(BDS)\Bin\CodeGear.Delphi.Targets" Condition="Exists('$(BDS)\Bin\CodeGear.Delphi.Targets')"/>
    <Import Project="$(APPDATA)\Embarcadero\$(BDSAPPPLATFORM)\$(ProductVersion)\UserTools.proj" Condition="Exists('$(APPDATA)\Embarcadero\$(BDSAPPPLATFORM)\$(ProductVersion)\UserTools.proj')"/>
    <Import Project="$(APPDATA)\Embarcadero\$(BDSAPPDATABASEDIR)\$(PRODUCTVERSION)\UserTools.proj" Condition="Exists('$(APPDATA)\Embarcadero\$(BDSAPPDATABASEDIR)\$(PRODUCTVERSION)\UserTools.proj')"/>
    <PropertyGroup Condition="'$(Config)'=='Debug' And '$(Platform)'=='Win64'">
        <PreBuildEvent>if not exist &quot;C:\ProgramData\aviutl2\Plugin\Aul2AudioFilter&quot; mkdir &quot;C:\ProgramData\aviutl2\Plugin\Aul2AudioFilter&quot;</PreBuildEvent>
        <PreBuildEventIgnoreExitCode>False</PreBuildEventIgnoreExitCode>
        <PreLinkEvent/>
        <PreLinkEventIgnoreExitCode>False</PreLinkEventIgnoreExitCode>
        <PostBuildEvent>copy /Y &quot;C:\ProgramData\aviutl2\Plugin\Aul2AudioFilter\$(PROJECTNAME).dll&quot; &quot;C:\ProgramData\aviutl2\Plugin\Aul2AudioFilter\$(PROJECTNAME).auf2&quot;</PostBuildEvent>
        <PostBuildEventIgnoreExitCode>False</PostBuildEventIgnoreExitCode>
    </PropertyGroup>
    <PropertyGroup Condition="'$(Config)'=='Release' And '$(Platform)'=='Win64'">
        <PreBuildEvent>if not exist &quot;C:\ProgramData\aviutl2\Plugin\Aul2AudioFilter&quot; mkdir &quot;C:\ProgramData\aviutl2\Plugin\Aul2AudioFilter&quot;</PreBuildEvent>
        <PreBuildEventIgnoreExitCode>False</PreBuildEventIgnoreExitCode>
        <PreLinkEvent/>
        <PreLinkEventIgnoreExitCode>False</PreLinkEventIgnoreExitCode>
        <PostBuildEvent>copy /Y &quot;C:\ProgramData\aviutl2\Plugin\Aul2AudioFilter\$(PROJECTNAME).dll&quot; &quot;C:\ProgramData\aviutl2\Plugin\Aul2AudioFilter\$(PROJECTNAME).auf2&quot;&amp;&amp;if exist &quot;C:\ProgramData\aviutl2\Plugin\Aul2AudioFilter\$(PROJECTNAME).dll&quot; del /Q &quot;C:\ProgramData\aviutl2\Plugin\Aul2AudioFilter\$(PROJECTNAME).dll&quot;&amp;&amp;if exist &quot;C:\ProgramData\aviutl2\Plugin\Aul2AudioFilter\$(PROJECTNAME).rsm&quot; del /Q &quot;C:\ProgramData\aviutl2\Plugin\Aul2AudioFilter\$(PROJECTNAME).rsm&quot;</PostBuildEvent>
        <PostBuildEventIgnoreExitCode>False</PostBuildEventIgnoreExitCode>
    </PropertyGroup>
</Project>
